
Microsoft Visual Studio Solution File, Format Version 12.00
# Visual Studio Version 16
VisualStudioVersion = 16.0.31729.503
MinimumVisualStudioVersion = 10.0.40219.1
Project("{FAE04EC0-301F-11D3-BF4B-00C04F79EFBC}") = "DataStructure", "DataStructure\DataStructure.csproj", "{F8F822FA-8012-4616-9341-86D267095751}"
EndProject
Global
	GlobalSection(SolutionConfigurationPlatforms) = preSolution
		Debug|Any CPU = Debug|Any CPU
		Release|Any CPU = Release|Any CPU
	EndGlobalSection
	GlobalSection(ProjectConfigurationPlatforms) = postSolution
		{F8F822FA-8012-4616-9341-86D267095751}.Debug|Any CPU.ActiveCfg = Debug|Any CPU
		{F8F822FA-8012-4616-9341-86D267095751}.Debug|Any CPU.Build.0 = Debug|Any CPU
		{F8F822FA-8012-4616-9341-86D267095751}.Release|Any CPU.ActiveCfg = Release|Any CPU
		{F8F822FA-8012-4616-9341-86D267095751}.Release|Any CPU.Build.0 = Release|Any CPU
	EndGlobalSection
	GlobalSection(SolutionProperties) = preSolution
		HideSolutionNode = FALSE
	EndGlobalSection
	GlobalSection(ExtensibilityGlobals) = postSolution
		SolutionGuid = {3DA133D3-F7F0-47BA-ACCA-EEEB99C7B135}
	EndGlobalSection
EndGlobal
